
Microsoft Visual Studio Solution File, Format Version 12.00
# Visual Studio Version 16
VisualStudioVersion = 16.0.28803.202
MinimumVisualStudioVersion = 10.0.40219.1
Project("{8BC9CEB8-8B4A-11D0-8D11-00A0C91BC942}") = "LatihanArray", "LatihanArray\LatihanArray.vcxproj", "{130B90E1-AC53-45D9-8A67-CA06EC9B4461}"
EndProject
Global
	GlobalSection(SolutionConfigurationPlatforms) = preSolution
		Debug|x64 = Debug|x64
		Debug|x86 = Debug|x86
		Release|x64 = Release|x64
		Release|x86 = Release|x86
	EndGlobalSection
	GlobalSection(ProjectConfigurationPlatforms) = postSolution
		{130B90E1-AC53-45D9-8A67-CA06EC9B4461}.Debug|x64.ActiveCfg = Debug|x64
		{130B90E1-AC53-45D9-8A67-CA06EC9B4461}.Debug|x64.Build.0 = Debug|x64
		{130B90E1-AC53-45D9-8A67-CA06EC9B4461}.Debug|x86.ActiveCfg = Debug|Win32
		{130B90E1-AC53-45D9-8A67-CA06EC9B4461}.Debug|x86.Build.0 = Debug|Win32
		{130B90E1-AC53-45D9-8A67-CA06EC9B4461}.Release|x64.ActiveCfg = Release|x64
		{130B90E1-AC53-45D9-8A67-CA06EC9B4461}.Release|x64.Build.0 = Release|x64
		{130B90E1-AC53-45D9-8A67-CA06EC9B4461}.Release|x86.ActiveCfg = Release|Win32
		{130B90E1-AC53-45D9-8A67-CA06EC9B4461}.Release|x86.Build.0 = Release|Win32
	EndGlobalSection
	GlobalSection(SolutionProperties) = preSolution
		HideSolutionNode = FALSE
	EndGlobalSection
	GlobalSection(ExtensibilityGlobals) = postSolution
		SolutionGuid = {D20A1DDE-518D-45D4-BC16-10D941084559}
	EndGlobalSection
EndGlobal
